
Microsoft Visual Studio Solution File, Format Version 12.00
# Visual Studio Version 17
VisualStudioVersion = 17.0.32112.339
MinimumVisualStudioVersion = 10.0.40219.1
Project("{9A19103F-16F7-4668-BE54-9A1E7A4F7556}") = "MongoDB-CRUD-with-.NetCore", "MangoDbCoreApi_5.0\MongoDB-CRUD-with-.NetCore.csproj", "{92C85F44-6E54-46F9-B762-FCB6E2125CD9}"
EndProject
Project("{FAE04EC0-301F-11D3-BF4B-00C04F79EFBC}") = "MongoDB-CRUD-with-.NetCore_NUnit.Test", "MongoDB-CRUD-with-.NetCore.Test\MongoDB-CRUD-with-.NetCore_NUnit.Test.csproj", "{71FE043A-2416-4805-857D-57A7581E2A2A}"
EndProject
Project("{FAE04EC0-301F-11D3-BF4B-00C04F79EFBC}") = "MongoDB-CRUD-with-.NetCore_XUnit.Test", "MongoDB-CRUD-with-.NetCore_XUnit.Test\MongoDB-CRUD-with-.NetCore_XUnit.Test.csproj", "{DDC09BCA-9B3A-49D1-B0D9-6260B079190D}"
EndProject
Global
	GlobalSection(SolutionConfigurationPlatforms) = preSolution
		Debug|Any CPU = Debug|Any CPU
		Release|Any CPU = Release|Any CPU
	EndGlobalSection
	GlobalSection(ProjectConfigurationPlatforms) = postSolution
		{92C85F44-6E54-46F9-B762-FCB6E2125CD9}.Debug|Any CPU.ActiveCfg = Debug|Any CPU
		{92C85F44-6E54-46F9-B762-FCB6E2125CD9}.Debug|Any CPU.Build.0 = Debug|Any CPU
		{92C85F44-6E54-46F9-B762-FCB6E2125CD9}.Release|Any CPU.ActiveCfg = Release|Any CPU
		{92C85F44-6E54-46F9-B762-FCB6E2125CD9}.Release|Any CPU.Build.0 = Release|Any CPU
		{71FE043A-2416-4805-857D-57A7581E2A2A}.Debug|Any CPU.ActiveCfg = Debug|Any CPU
		{71FE043A-2416-4805-857D-57A7581E2A2A}.Debug|Any CPU.Build.0 = Debug|Any CPU
		{71FE043A-2416-4805-857D-57A7581E2A2A}.Release|Any CPU.ActiveCfg = Release|Any CPU
		{71FE043A-2416-4805-857D-57A7581E2A2A}.Release|Any CPU.Build.0 = Release|Any CPU
		{DDC09BCA-9B3A-49D1-B0D9-6260B079190D}.Debug|Any CPU.ActiveCfg = Debug|Any CPU
		{DDC09BCA-9B3A-49D1-B0D9-6260B079190D}.Debug|Any CPU.Build.0 = Debug|Any CPU
		{DDC09BCA-9B3A-49D1-B0D9-6260B079190D}.Release|Any CPU.ActiveCfg = Release|Any CPU
		{DDC09BCA-9B3A-49D1-B0D9-6260B079190D}.Release|Any CPU.Build.0 = Release|Any CPU
	EndGlobalSection
	GlobalSection(SolutionProperties) = preSolution
		HideSolutionNode = FALSE
	EndGlobalSection
	GlobalSection(ExtensibilityGlobals) = postSolution
		SolutionGuid = {D79B7B48-6835-4BA2-BE7B-A7BF01EC4395}
	EndGlobalSection
EndGlobal
